PODS:
  - Alamofire (5.11.1)
  - ObjectMapper (4.4.2)
  - SCLAlertView (0.8)

DEPENDENCIES:
  - Alamofire
  - ObjectMapper
  - SCLAlertView

SPEC REPOS:
  trunk:
    - Alamofire
    - ObjectMapper
    - SCLAlertView

SPEC CHECKSUMS:
  Alamofire: eec6cd8f73b242b59e34153a606a909eb9864b14
  ObjectMapper: e6e4d91ff7f2861df7aecc536c92d8363f4c9677
  SCLAlertView: 6a77bb2edfc65e04dbe57725546cb4107a506b85

PODFILE CHECKSUM: cddb0eaf941e295018ca2e1b9d99355bc9075e54

COCOAPODS: 1.16.2
